
Microsoft Visual Studio Solution File, Format Version 12.00
# Visual Studio Version 17
VisualStudioVersion = 17.5.33424.131
MinimumVisualStudioVersion = 10.0.40219.1
Project("{9A19103F-16F7-4668-BE54-9A1E7A4F7556}") = "ASMC6.Server", "Servers/ASMC6.Server\ASMC6.Server.csproj", "{219455BE-DDBD-42CA-8321-2E77CEB5CCA4}"
EndProject
Project("{2150E333-8FDC-42A3-9474-1A3956D46DE8}") = "Servers", "Servers", "{D22E2CF5-3B74-46A8-B5CA-9874A7E2527E}"
EndProject
Project("{9A19103F-16F7-4668-BE54-9A1E7A4F7556}") = "ASMC6.Server.Infrastructures", "Servers/ASMC6.Server.Infrastructures\ASMC6.Server.Infrastructures.csproj", "{3C661D69-6B0D-4CBF-901F-01C36E970695}"
EndProject
Project("{9A19103F-16F7-4668-BE54-9A1E7A4F7556}") = "ASMC6.Shared", "ASMC6.Shared\ASMC6.Shared.csproj", "{4DC326A1-C61C-44FF-85E2-C5499D544F20}"
EndProject
Project("{2150E333-8FDC-42A3-9474-1A3956D46DE8}") = "Clients", "Clients", "{69007B59-D4A0-452C-9B89-72DCDAD75AF4}"
EndProject
Global
	GlobalSection(SolutionConfigurationPlatforms) = preSolution
		Debug|Any CPU = Debug|Any CPU
		Release|Any CPU = Release|Any CPU
	EndGlobalSection
	GlobalSection(ProjectConfigurationPlatforms) = postSolution
		{219455BE-DDBD-42CA-8321-2E77CEB5CCA4}.Debug|Any CPU.ActiveCfg = Debug|Any CPU
		{219455BE-DDBD-42CA-8321-2E77CEB5CCA4}.Debug|Any CPU.Build.0 = Debug|Any CPU
		{219455BE-DDBD-42CA-8321-2E77CEB5CCA4}.Release|Any CPU.ActiveCfg = Release|Any CPU
		{219455BE-DDBD-42CA-8321-2E77CEB5CCA4}.Release|Any CPU.Build.0 = Release|Any CPU
		{3C661D69-6B0D-4CBF-901F-01C36E970695}.Debug|Any CPU.ActiveCfg = Debug|Any CPU
		{3C661D69-6B0D-4CBF-901F-01C36E970695}.Debug|Any CPU.Build.0 = Debug|Any CPU
		{3C661D69-6B0D-4CBF-901F-01C36E970695}.Release|Any CPU.ActiveCfg = Release|Any CPU
		{3C661D69-6B0D-4CBF-901F-01C36E970695}.Release|Any CPU.Build.0 = Release|Any CPU
		{4DC326A1-C61C-44FF-85E2-C5499D544F20}.Debug|Any CPU.ActiveCfg = Debug|Any CPU
		{4DC326A1-C61C-44FF-85E2-C5499D544F20}.Debug|Any CPU.Build.0 = Debug|Any CPU
		{4DC326A1-C61C-44FF-85E2-C5499D544F20}.Release|Any CPU.ActiveCfg = Release|Any CPU
		{4DC326A1-C61C-44FF-85E2-C5499D544F20}.Release|Any CPU.Build.0 = Release|Any CPU
	EndGlobalSection
	GlobalSection(SolutionProperties) = preSolution
		HideSolutionNode = FALSE
	EndGlobalSection
	GlobalSection(NestedProjects) = preSolution
		{219455BE-DDBD-42CA-8321-2E77CEB5CCA4} = {D22E2CF5-3B74-46A8-B5CA-9874A7E2527E}
		{3C661D69-6B0D-4CBF-901F-01C36E970695} = {D22E2CF5-3B74-46A8-B5CA-9874A7E2527E}
	EndGlobalSection
	GlobalSection(ExtensibilityGlobals) = postSolution
		SolutionGuid = {421909EC-1774-47DF-A098-154944395E58}
	EndGlobalSection
EndGlobal
